// !$*UTF8*$!
{
	archiveVersion = 1;
	classes = {
	};
	objectVersion = 50;
	objects = {

/* Begin PBXBuildFile section */
		CA80610A21F1D488005251E6 /* JsonUtil.swift in Sources */ = {isa = PBXBuildFile; fileRef = CA80610921F1D488005251E6 /* JsonUtil.swift */; };
		CA80610C21F1D49D005251E6 /* BaseModel.swift in Sources */ = {isa = PBXBuildFile; fileRef = CA80610B21F1D49D005251E6 /* BaseModel.swift */; };
		CAA1022621EC30F6003982E9 /* AppDelegate.swift in Sources */ = {isa = PBXBuildFile; fileRef = CAA1022521EC30F6003982E9 /* AppDelegate.swift */; };
		CAA1022D21EC30F6003982E9 /* Assets.xcassets in Resources */ = {isa = PBXBuildFile; fileRef = CAA1022C21EC30F6003982E9 /* Assets.xcassets */; };
		CAA1024F21EC7C0B003982E9 /* SettingViewController.swift in Sources */ = {isa = PBXBuildFile; fileRef = CAA1024E21EC7C0B003982E9 /* SettingViewController.swift */; };
		CAA1025121EC7C3C003982E9 /* DataViewController.swift in Sources */ = {isa = PBXBuildFile; fileRef = CAA1025021EC7C3C003982E9 /* DataViewController.swift */; };
		CAA1025F21ECA76F003982E9 /* SensorCollector.swift in Sources */ = {isa = PBXBuildFile; fileRef = CAA1025E21ECA76F003982E9 /* SensorCollector.swift */; };
		CAA1026121ED75B6003982E9 /* DataProcessing.swift in Sources */ = {isa = PBXBuildFile; fileRef = CAA1026021ED75B6003982E9 /* DataProcessing.swift */; };
		CAA1026321ED8085003982E9 /* Main.storyboard in Resources */ = {isa = PBXBuildFile; fileRef = CAA1026221ED8085003982E9 /* Main.storyboard */; };
		CAA1026521ED8097003982E9 /* Launch Screen.storyboard in Resources */ = {isa = PBXBuildFile; fileRef = CAA1026421ED8097003982E9 /* Launch Screen.storyboard */; };
		CAA1026721EDC1DD003982E9 /* LocationMonitor.swift in Sources */ = {isa = PBXBuildFile; fileRef = CAA1026621EDC1DD003982E9 /* LocationMonitor.swift */; };
		CAA1026921EDCD9F003982E9 /* Utils.swift in Sources */ = {isa = PBXBuildFile; fileRef = CAA1026821EDCD9F003982E9 /* Utils.swift */; };
		CAA1027321EED8E8003982E9 /* BluetoothMonitor.swift in Sources */ = {isa = PBXBuildFile; fileRef = CAA1027221EED8E7003982E9 /* BluetoothMonitor.swift */; };
		CAA1027921EF0A97003982E9 /* NetworkMonitor.swift in Sources */ = {isa = PBXBuildFile; fileRef = CAA1027821EF0A97003982E9 /* NetworkMonitor.swift */; };
		CAFB498D21EF0F0D00FACF54 /* ExternalAccessory.framework in Frameworks */ = {isa = PBXBuildFile; fileRef = CAFB498C21EF0F0D00FACF54 /* ExternalAccessory.framework */; };
		F4F367687648EC1B8C3C838D /* Pods_SensorDataCollector.framework in Frameworks */ = {isa = PBXBuildFile; fileRef = 999B267A6F375E5ABE56950E /* Pods_SensorDataCollector.framework */; };
/* End PBXBuildFile section */

/* Begin PBXFileReference section */
		999B267A6F375E5ABE56950E /* Pods_SensorDataCollector.framework */ = {isa = PBXFileReference; explicitFileType = wrapper.framework; includeInIndex = 0; path = Pods_SensorDataCollector.framework; sourceTree = BUILT_PRODUCTS_DIR; };
		9EFEEF0DEA559EC7424D9B7D /* Pods-SensorDataCollector.debug.xcconfig */ = {isa = PBXFileReference; includeInIndex = 1; lastKnownFileType = text.xcconfig; name = "Pods-SensorDataCollector.debug.xcconfig"; path = "Target Support Files/Pods-SensorDataCollector/Pods-SensorDataCollector.debug.xcconfig"; sourceTree = "<group>"; };
		AAB6A39C3EDBADDBAE842C52 /* Pods-SensorDataCollector.release.xcconfig */ = {isa = PBXFileReference; includeInIndex = 1; lastKnownFileType = text.xcconfig; name = "Pods-SensorDataCollector.release.xcconfig"; path = "Target Support Files/Pods-SensorDataCollector/Pods-SensorDataCollector.release.xcconfig"; sourceTree = "<group>"; };
		CA80610921F1D488005251E6 /* JsonUtil.swift */ = {isa = PBXFileReference; lastKnownFileType = sourcecode.swift; path = JsonUtil.swift; sourceTree = "<group>"; };
		CA80610B21F1D49D005251E6 /* BaseModel.swift */ = {isa = PBXFileReference; lastKnownFileType = sourcecode.swift; path = BaseModel.swift; sourceTree = "<group>"; };
		CAA1022221EC30F6003982E9 /* SensorDataCollector.app */ = {isa = PBXFileReference; explicitFileType = wrapper.application; includeInIndex = 0; path = SensorDataCollector.app; sourceTree = BUILT_PRODUCTS_DIR; };
		CAA1022521EC30F6003982E9 /* AppDelegate.swift */ = {isa = PBXFileReference; lastKnownFileType = sourcecode.swift; path = AppDelegate.swift; sourceTree = "<group>"; };
		CAA1022C21EC30F6003982E9 /* Assets.xcassets */ = {isa = PBXFileReference; lastKnownFileType = folder.assetcatalog; path = Assets.xcassets; sourceTree = "<group>"; };
		CAA1023121EC30F6003982E9 /* Info.plist */ = {isa = PBXFileReference; lastKnownFileType = text.plist.xml; path = Info.plist; sourceTree = "<group>"; };
		CAA1024E21EC7C0B003982E9 /* SettingViewController.swift */ = {isa = PBXFileReference; lastKnownFileType = sourcecode.swift; path = SettingViewController.swift; sourceTree = "<group>"; };
		CAA1025021EC7C3C003982E9 /* DataViewController.swift */ = {isa = PBXFileReference; lastKnownFileType = sourcecode.swift; path = DataViewController.swift; sourceTree = "<group>"; };
		CAA1025E21ECA76F003982E9 /* SensorCollector.swift */ = {isa = PBXFileReference; fileEncoding = 4; lastKnownFileType = sourcecode.swift; path = SensorCollector.swift; sourceTree = "<group>"; };
		CAA1026021ED75B6003982E9 /* DataProcessing.swift */ = {isa = PBXFileReference; lastKnownFileType = sourcecode.swift; path = DataProcessing.swift; sourceTree = "<group>"; };
		CAA1026221ED8085003982E9 /* Main.storyboard */ = {isa = PBXFileReference; lastKnownFileType = file.storyboard; path = Main.storyboard; sourceTree = "<group>"; };
		CAA1026421ED8097003982E9 /* Launch Screen.storyboard */ = {isa = PBXFileReference; lastKnownFileType = file.storyboard; path = "Launch Screen.storyboard"; sourceTree = "<group>"; };
		CAA1026621EDC1DD003982E9 /* LocationMonitor.swift */ = {isa = PBXFileReference; lastKnownFileType = sourcecode.swift; path = LocationMonitor.swift; sourceTree = "<group>"; };
		CAA1026821EDCD9F003982E9 /* Utils.swift */ = {isa = PBXFileReference; lastKnownFileType = sourcecode.swift; path = Utils.swift; sourceTree = "<group>"; };
		CAA1026A21EEC80D003982E9 /* SensorDataCollector.entitlements */ = {isa = PBXFileReference; lastKnownFileType = text.plist.entitlements; path = SensorDataCollector.entitlements; sourceTree = "<group>"; };
		CAA1027221EED8E7003982E9 /* BluetoothMonitor.swift */ = {isa = PBXFileReference; fileEncoding = 4; lastKnownFileType = sourcecode.swift; path = BluetoothMonitor.swift; sourceTree = "<group>"; };
		CAA1027821EF0A97003982E9 /* NetworkMonitor.swift */ = {isa = PBXFileReference; fileEncoding = 4; lastKnownFileType = sourcecode.swift; path = NetworkMonitor.swift; sourceTree = "<group>"; };
		CAFB498B21EF0C9200FACF54 /* SensorDataCollector-Bridging-Header.h */ = {isa = PBXFileReference; fileEncoding = 4; lastKnownFileType = sourcecode.c.h; path = "SensorDataCollector-Bridging-Header.h"; sourceTree = "<group>"; };
		CAFB498C21EF0F0D00FACF54 /* ExternalAccessory.framework */ = {isa = PBXFileReference; lastKnownFileType = wrapper.framework; name = ExternalAccessory.framework; path = System/Library/Frameworks/ExternalAccessory.framework; sourceTree = SDKROOT; };
/* End PBXFileReference section */

/* Begin PBXFrameworksBuildPhase section */
		CAA1021F21EC30F6003982E9 /* Frameworks */ = {
			isa = PBXFrameworksBuildPhase;
			buildActionMask = 2147483647;
			files = (
				CAFB498D21EF0F0D00FACF54 /* ExternalAccessory.framework in Frameworks */,
				F4F367687648EC1B8C3C838D /* Pods_SensorDataCollector.framework in Frameworks */,
			);
			runOnlyForDeploymentPostprocessing = 0;
		};
/* End PBXFrameworksBuildPhase section */

/* Begin PBXGroup section */
		8677F77B486717417793D825 /* Pods */ = {
			isa = PBXGroup;
			children = (
				9EFEEF0DEA559EC7424D9B7D /* Pods-SensorDataCollector.debug.xcconfig */,
				AAB6A39C3EDBADDBAE842C52 /* Pods-SensorDataCollector.release.xcconfig */,
			);
			path = Pods;
			sourceTree = "<group>";
		};
		CAA1021921EC30F6003982E9 = {
			isa = PBXGroup;
			children = (
				CAA1022421EC30F6003982E9 /* SensorDataCollector */,
				CAA1022321EC30F6003982E9 /* Products */,
				CAA1026B21EEC819003982E9 /* Frameworks */,
				8677F77B486717417793D825 /* Pods */,
			);
			sourceTree = "<group>";
		};
		CAA1022321EC30F6003982E9 /* Products */ = {
			isa = PBXGroup;
			children = (
				CAA1022221EC30F6003982E9 /* SensorDataCollector.app */,
			);
			name = Products;
			sourceTree = "<group>";
		};
		CAA1022421EC30F6003982E9 /* SensorDataCollector */ = {
			isa = PBXGroup;
			children = (
				CAA1026A21EEC80D003982E9 /* SensorDataCollector.entitlements */,
				CAA1025921ECA07E003982E9 /* DataCollector */,
				CAA1024D21EC7B07003982E9 /* ViewController */,
				CAA1022521EC30F6003982E9 /* AppDelegate.swift */,
				CAA1022C21EC30F6003982E9 /* Assets.xcassets */,
				CAA1023121EC30F6003982E9 /* Info.plist */,
				CAA1026221ED8085003982E9 /* Main.storyboard */,
				CAA1026421ED8097003982E9 /* Launch Screen.storyboard */,
			);
			path = SensorDataCollector;
			sourceTree = "<group>";
		};
		CAA1024D21EC7B07003982E9 /* ViewController */ = {
			isa = PBXGroup;
			children = (
				CAA1024E21EC7C0B003982E9 /* SettingViewController.swift */,
				CAA1025021EC7C3C003982E9 /* DataViewController.swift */,
			);
			path = ViewController;
			sourceTree = "<group>";
		};
		CAA1025921ECA07E003982E9 /* DataCollector */ = {
			isa = PBXGroup;
			children = (
				CAFB498B21EF0C9200FACF54 /* SensorDataCollector-Bridging-Header.h */,
				CAA1027821EF0A97003982E9 /* NetworkMonitor.swift */,
				CAA1027221EED8E7003982E9 /* BluetoothMonitor.swift */,
				CAA1025E21ECA76F003982E9 /* SensorCollector.swift */,
				CAA1026021ED75B6003982E9 /* DataProcessing.swift */,
				CAA1026621EDC1DD003982E9 /* LocationMonitor.swift */,
				CAA1026821EDCD9F003982E9 /* Utils.swift */,
				CA80610921F1D488005251E6 /* JsonUtil.swift */,
				CA80610B21F1D49D005251E6 /* BaseModel.swift */,
			);
			path = DataCollector;
			sourceTree = "<group>";
		};
		CAA1026B21EEC819003982E9 /* Frameworks */ = {
			isa = PBXGroup;
			children = (
				CAFB498C21EF0F0D00FACF54 /* ExternalAccessory.framework */,
				999B267A6F375E5ABE56950E /* Pods_SensorDataCollector.framework */,
			);
			name = Frameworks;
			sourceTree = "<group>";
		};
/* End PBXGroup section */

/* Begin PBXNativeTarget section */
		CAA1022121EC30F6003982E9 /* SensorDataCollector */ = {
			isa = PBXNativeTarget;
			buildConfigurationList = CAA1023421EC30F6003982E9 /* Build configuration list for PBXNativeTarget "SensorDataCollector" */;
			buildPhases = (
				38B02EC9FF2032AF458582CE /* [CP] Check Pods Manifest.lock */,
				CAA1021E21EC30F6003982E9 /* Sources */,
				CAA1021F21EC30F6003982E9 /* Frameworks */,
				CAA1022021EC30F6003982E9 /* Resources */,
				27A6EB1B33838ED5E8024A13 /* [CP] Embed Pods Frameworks */,
			);
			buildRules = (
			);
			dependencies = (
			);
			name = SensorDataCollector;
			productName = SensorDataCollector;
			productReference = CAA1022221EC30F6003982E9 /* SensorDataCollector.app */;
			productType = "com.apple.product-type.application";
		};
/* End PBXNativeTarget section */

/* Begin PBXProject section */
		CAA1021A21EC30F6003982E9 /* Project object */ = {
			isa = PBXProject;
			attributes = {
				LastSwiftUpdateCheck = 1010;
				LastUpgradeCheck = 1010;
				ORGANIZATIONNAME = baixg;
				TargetAttributes = {
					CAA1022121EC30F6003982E9 = {
						CreatedOnToolsVersion = 10.1;
						LastSwiftMigration = 1010;
						SystemCapabilities = {
							com.apple.BackgroundModes = {
								enabled = 1;
							};
							com.apple.DataProtection = {
								enabled = 0;
							};
							com.apple.Keychain = {
								enabled = 1;
							};
							com.apple.WAC = {
								enabled = 1;
							};
						};
					};
				};
			};
			buildConfigurationList = CAA1021D21EC30F6003982E9 /* Build configuration list for PBXProject "SensorDataCollector" */;
			compatibilityVersion = "Xcode 9.3";
			developmentRegion = en;
			hasScannedForEncodings = 0;
			knownRegions = (
				en,
				Base,
			);
			mainGroup = CAA1021921EC30F6003982E9;
			productRefGroup = CAA1022321EC30F6003982E9 /* Products */;
			projectDirPath = "";
			projectRoot = "";
			targets = (
				CAA1022121EC30F6003982E9 /* SensorDataCollector */,
			);
		};
/* End PBXProject section */

/* Begin PBXResourcesBuildPhase section */
		CAA1022021EC30F6003982E9 /* Resources */ = {
			isa = PBXResourcesBuildPhase;
			buildActionMask = 2147483647;
			files = (
				CAA1026521ED8097003982E9 /* Launch Screen.storyboard in Resources */,
				CAA1022D21EC30F6003982E9 /* Assets.xcassets in Resources */,
				CAA1026321ED8085003982E9 /* Main.storyboard in Resources */,
			);
			runOnlyForDeploymentPostprocessing = 0;
		};
/* End PBXResourcesBuildPhase section */

/* Begin PBXShellScriptBuildPhase section */
		27A6EB1B33838ED5E8024A13 /* [CP] Embed Pods Frameworks */ = {
			isa = PBXShellScriptBuildPhase;
			buildActionMask = 2147483647;
			files = (
			);
			inputFileListPaths = (
			);
			inputPaths = (
				"${PODS_ROOT}/Target Support Files/Pods-SensorDataCollector/Pods-SensorDataCollector-frameworks.sh",
				"${BUILT_PRODUCTS_DIR}/Alamofire/Alamofire.framework",
				"${BUILT_PRODUCTS_DIR}/HandyJSON/HandyJSON.framework",
				"${BUILT_PRODUCTS_DIR}/SAMKeychain/SAMKeychain.framework",
				"${BUILT_PRODUCTS_DIR}/SQLite.swift/SQLite.framework",
			);
			name = "[CP] Embed Pods Frameworks";
			outputFileListPaths = (
			);
			outputPaths = (
				"${TARGET_BUILD_DIR}/${FRAMEWORKS_FOLDER_PATH}/Alamofire.framework",
				"${TARGET_BUILD_DIR}/${FRAMEWORKS_FOLDER_PATH}/HandyJSON.framework",
				"${TARGET_BUILD_DIR}/${FRAMEWORKS_FOLDER_PATH}/SAMKeychain.framework",
				"${TARGET_BUILD_DIR}/${FRAMEWORKS_FOLDER_PATH}/SQLite.framework",
			);
			runOnlyForDeploymentPostprocessing = 0;
			shellPath = /bin/sh;
			shellScript = "\"${PODS_ROOT}/Target Support Files/Pods-SensorDataCollector/Pods-SensorDataCollector-frameworks.sh\"\n";
			showEnvVarsInLog = 0;
		};
		38B02EC9FF2032AF458582CE /* [CP] Check Pods Manifest.lock */ = {
			isa = PBXShellScriptBuildPhase;
			buildActionMask = 2147483647;
			files = (
			);
			inputFileListPaths = (
			);
			inputPaths = (
				"${PODS_PODFILE_DIR_PATH}/Podfile.lock",
				"${PODS_ROOT}/Manifest.lock",
			);
			name = "[CP] Check Pods Manifest.lock";
			outputFileListPaths = (
			);
			outputPaths = (
				"$(DERIVED_FILE_DIR)/Pods-SensorDataCollector-checkManifestLockResult.txt",
			);
			runOnlyForDeploymentPostprocessing = 0;
			shellPath = /bin/sh;
			shellScript = "diff \"${PODS_PODFILE_DIR_PATH}/Podfile.lock\" \"${PODS_ROOT}/Manifest.lock\" > /dev/null\nif [ $? != 0 ] ; then\n    # print error to STDERR\n    echo \"error: The sandbox is not in sync with the Podfile.lock. Run 'pod install' or update your CocoaPods installation.\" >&2\n    exit 1\nfi\n# This output is used by Xcode 'outputs' to avoid re-running this script phase.\necho \"SUCCESS\" > \"${SCRIPT_OUTPUT_FILE_0}\"\n";
			showEnvVarsInLog = 0;
		};
/* End PBXShellScriptBuildPhase section */

/* Begin PBXSourcesBuildPhase section */
		CAA1021E21EC30F6003982E9 /* Sources */ = {
			isa = PBXSourcesBuildPhase;
			buildActionMask = 2147483647;
			files = (
				CAA1025121EC7C3C003982E9 /* DataViewController.swift in Sources */,
				CAA1025F21ECA76F003982E9 /* SensorCollector.swift in Sources */,
				CA80610C21F1D49D005251E6 /* BaseModel.swift in Sources */,
				CAA1022621EC30F6003982E9 /* AppDelegate.swift in Sources */,
				CAA1026921EDCD9F003982E9 /* Utils.swift in Sources */,
				CAA1026121ED75B6003982E9 /* DataProcessing.swift in Sources */,
				CAA1024F21EC7C0B003982E9 /* SettingViewController.swift in Sources */,
				CAA1026721EDC1DD003982E9 /* LocationMonitor.swift in Sources */,
				CAA1027921EF0A97003982E9 /* NetworkMonitor.swift in Sources */,
				CAA1027321EED8E8003982E9 /* BluetoothMonitor.swift in Sources */,
				CA80610A21F1D488005251E6 /* JsonUtil.swift in Sources */,
			);
			runOnlyForDeploymentPostprocessing = 0;
		};
/* End PBXSourcesBuildPhase section */

/* Begin XCBuildConfiguration section */
		CAA1023221EC30F6003982E9 /* Debug */ = {
			isa = XCBuildConfiguration;
			buildSettings = {
				ALWAYS_SEARCH_USER_PATHS = NO;
				CLANG_ANALYZER_LOCALIZABILITY_NONLOCALIZED = YES;
				CLANG_ANALYZER_NONNULL = YES;
				CLANG_ANALYZER_NUMBER_OBJECT_CONVERSION = YES_AGGRESSIVE;
				CLANG_CXX_LANGUAGE_STANDARD = "gnu++14";
				CLANG_CXX_LIBRARY = "libc++";
				CLANG_ENABLE_MODULES = YES;
				CLANG_ENABLE_OBJC_ARC = YES;
				CLANG_ENABLE_OBJC_WEAK = YES;
				CLANG_WARN_BLOCK_CAPTURE_AUTORELEASING = YES;
				CLANG_WARN_BOOL_CONVERSION = YES;
				CLANG_WARN_COMMA = YES;
				CLANG_WARN_CONSTANT_CONVERSION = YES;
				CLANG_WARN_DEPRECATED_OBJC_IMPLEMENTATIONS = YES;
				CLANG_WARN_DIRECT_OBJC_ISA_USAGE = YES_ERROR;
				CLANG_WARN_DOCUMENTATION_COMMENTS = YES;
				CLANG_WARN_EMPTY_BODY = YES;
				CLANG_WARN_ENUM_CONVERSION = YES;
				CLANG_WARN_INFINITE_RECURSION = YES;
				CLANG_WARN_INT_CONVERSION = YES;
				CLANG_WARN_NON_LITERAL_NULL_CONVERSION = YES;
				CLANG_WARN_OBJC_IMPLICIT_RETAIN_SELF = YES;
				CLANG_WARN_OBJC_LITERAL_CONVERSION = YES;
				CLANG_WARN_OBJC_ROOT_CLASS = YES_ERROR;
				CLANG_WARN_RANGE_LOOP_ANALYSIS = YES;
				CLANG_WARN_STRICT_PROTOTYPES = YES;
				CLANG_WARN_SUSPICIOUS_MOVE = YES;
				CLANG_WARN_UNGUARDED_AVAILABILITY = YES_AGGRESSIVE;
				CLANG_WARN_UNREACHABLE_CODE = YES;
				CLANG_WARN__DUPLICATE_METHOD_MATCH = YES;
				CODE_SIGN_IDENTITY = "iPhone Developer";
				COPY_PHASE_STRIP = NO;
				DEBUG_INFORMATION_FORMAT = dwarf;
				ENABLE_STRICT_OBJC_MSGSEND = YES;
				ENABLE_TESTABILITY = YES;
				GCC_C_LANGUAGE_STANDARD = gnu11;
				GCC_DYNAMIC_NO_PIC = NO;
				GCC_NO_COMMON_BLOCKS = YES;
				GCC_OPTIMIZATION_LEVEL = 0;
				GCC_PREPROCESSOR_DEFINITIONS = (
					"DEBUG=1",
					"$(inherited)",
				);
				GCC_WARN_64_TO_32_BIT_CONVERSION = YES;
				GCC_WARN_ABOUT_RETURN_TYPE = YES_ERROR;
				GCC_WARN_UNDECLARED_SELECTOR = YES;
				GCC_WARN_UNINITIALIZED_AUTOS = YES_AGGRESSIVE;
				GCC_WARN_UNUSED_FUNCTION = YES;
				GCC_WARN_UNUSED_VARIABLE = YES;
				IPHONEOS_DEPLOYMENT_TARGET = 10.0;
				MTL_ENABLE_DEBUG_INFO = INCLUDE_SOURCE;
				MTL_FAST_MATH = YES;
				ONLY_ACTIVE_ARCH = YES;
				SDKROOT = iphoneos;
				SWIFT_ACTIVE_COMPILATION_CONDITIONS = DEBUG;
				SWIFT_OPTIMIZATION_LEVEL = "-Onone";
			};
			name = Debug;
		};
		CAA1023321EC30F6003982E9 /* Release */ = {
			isa = XCBuildConfiguration;
			buildSettings = {
				ALWAYS_SEARCH_USER_PATHS = NO;
				CLANG_ANALYZER_LOCALIZABILITY_NONLOCALIZED = YES;
				CLANG_ANALYZER_NONNULL = YES;
				CLANG_ANALYZER_NUMBER_OBJECT_CONVERSION = YES_AGGRESSIVE;
				CLANG_CXX_LANGUAGE_STANDARD = "gnu++14";
				CLANG_CXX_LIBRARY = "libc++";
				CLANG_ENABLE_MODULES = YES;
				CLANG_ENABLE_OBJC_ARC = YES;
				CLANG_ENABLE_OBJC_WEAK = YES;
				CLANG_WARN_BLOCK_CAPTURE_AUTORELEASING = YES;
				CLANG_WARN_BOOL_CONVERSION = YES;
				CLANG_WARN_COMMA = YES;
				CLANG_WARN_CONSTANT_CONVERSION = YES;
				CLANG_WARN_DEPRECATED_OBJC_IMPLEMENTATIONS = YES;
				CLANG_WARN_DIRECT_OBJC_ISA_USAGE = YES_ERROR;
				CLANG_WARN_DOCUMENTATION_COMMENTS = YES;
				CLANG_WARN_EMPTY_BODY = YES;
				CLANG_WARN_ENUM_CONVERSION = YES;
				CLANG_WARN_INFINITE_RECURSION = YES;
				CLANG_WARN_INT_CONVERSION = YES;
				CLANG_WARN_NON_LITERAL_NULL_CONVERSION = YES;
				CLANG_WARN_OBJC_IMPLICIT_RETAIN_SELF = YES;
				CLANG_WARN_OBJC_LITERAL_CONVERSION = YES;
				CLANG_WARN_OBJC_ROOT_CLASS = YES_ERROR;
				CLANG_WARN_RANGE_LOOP_ANALYSIS = YES;
				CLANG_WARN_STRICT_PROTOTYPES = YES;
				CLANG_WARN_SUSPICIOUS_MOVE = YES;
				CLANG_WARN_UNGUARDED_AVAILABILITY = YES_AGGRESSIVE;
				CLANG_WARN_UNREACHABLE_CODE = YES;
				CLANG_WARN__DUPLICATE_METHOD_MATCH = YES;
				CODE_SIGN_IDENTITY = "iPhone Developer";
				COPY_PHASE_STRIP = NO;
				DEBUG_INFORMATION_FORMAT = "dwarf-with-dsym";
				ENABLE_NS_ASSERTIONS = NO;
				ENABLE_STRICT_OBJC_MSGSEND = YES;
				GCC_C_LANGUAGE_STANDARD = gnu11;
				GCC_NO_COMMON_BLOCKS = YES;
				GCC_WARN_64_TO_32_BIT_CONVERSION = YES;
				GCC_WARN_ABOUT_RETURN_TYPE = YES_ERROR;
				GCC_WARN_UNDECLARED_SELECTOR = YES;
				GCC_WARN_UNINITIALIZED_AUTOS = YES_AGGRESSIVE;
				GCC_WARN_UNUSED_FUNCTION = YES;
				GCC_WARN_UNUSED_VARIABLE = YES;
				IPHONEOS_DEPLOYMENT_TARGET = 10.0;
				MTL_ENABLE_DEBUG_INFO = NO;
				MTL_FAST_MATH = YES;
				SDKROOT = iphoneos;
				SWIFT_COMPILATION_MODE = wholemodule;
				SWIFT_OPTIMIZATION_LEVEL = "-O";
				VALIDATE_PRODUCT = YES;
			};
			name = Release;
		};
		CAA1023521EC30F6003982E9 /* Debug */ = {
			isa = XCBuildConfiguration;
			baseConfigurationReference = 9EFEEF0DEA559EC7424D9B7D /* Pods-SensorDataCollector.debug.xcconfig */;
			buildSettings = {
				ASSETCATALOG_COMPILER_APPICON_NAME = AppIcon;
				CLANG_ENABLE_MODULES = YES;
				CODE_SIGN_ENTITLEMENTS = SensorDataCollector/SensorDataCollector.entitlements;
				CODE_SIGN_STYLE = Automatic;
				DEVELOPMENT_TEAM = NJ59FBL6B8;
				INFOPLIST_FILE = SensorDataCollector/Info.plist;
				LD_RUNPATH_SEARCH_PATHS = (
					"$(inherited)",
					"@executable_path/Frameworks",
				);
				PRODUCT_BUNDLE_IDENTIFIER = com.cqucs.SensorDataCollector;
				PRODUCT_NAME = "$(TARGET_NAME)";
				SWIFT_OBJC_BRIDGING_HEADER = "SensorDataCollector/DataCollector/SensorDataCollector-Bridging-Header.h";
				SWIFT_OPTIMIZATION_LEVEL = "-Onone";
				SWIFT_VERSION = 4.0;
				TARGETED_DEVICE_FAMILY = "1,2";
			};
			name = Debug;
		};
		CAA1023621EC30F6003982E9 /* Release */ = {
			isa = XCBuildConfiguration;
			baseConfigurationReference = AAB6A39C3EDBADDBAE842C52 /* Pods-SensorDataCollector.release.xcconfig */;
			buildSettings = {
				ASSETCATALOG_COMPILER_APPICON_NAME = AppIcon;
				CLANG_ENABLE_MODULES = YES;
				CODE_SIGN_ENTITLEMENTS = SensorDataCollector/SensorDataCollector.entitlements;
				CODE_SIGN_STYLE = Automatic;
				DEVELOPMENT_TEAM = NJ59FBL6B8;
				INFOPLIST_FILE = SensorDataCollector/Info.plist;
				LD_RUNPATH_SEARCH_PATHS = (
					"$(inherited)",
					"@executable_path/Frameworks",
				);
				PRODUCT_BUNDLE_IDENTIFIER = com.cqucs.SensorDataCollector;
				PRODUCT_NAME = "$(TARGET_NAME)";
				SWIFT_OBJC_BRIDGING_HEADER = "SensorDataCollector/DataCollector/SensorDataCollector-Bridging-Header.h";
				SWIFT_VERSION = 4.0;
				TARGETED_DEVICE_FAMILY = "1,2";
			};
			name = Release;
		};
/* End XCBuildConfiguration section */

/* Begin XCConfigurationList section */
		CAA1021D21EC30F6003982E9 /* Build configuration list for PBXProject "SensorDataCollector" */ = {
			isa = XCConfigurationList;
			buildConfigurations = (
				CAA1023221EC30F6003982E9 /* Debug */,
				CAA1023321EC30F6003982E9 /* Release */,
			);
			defaultConfigurationIsVisible = 0;
			defaultConfigurationName = Release;
		};
		CAA1023421EC30F6003982E9 /* Build configuration list for PBXNativeTarget "SensorDataCollector" */ = {
			isa = XCConfigurationList;
			buildConfigurations = (
				CAA1023521EC30F6003982E9 /* Debug */,
				CAA1023621EC30F6003982E9 /* Release */,
			);
			defaultConfigurationIsVisible = 0;
			defaultConfigurationName = Release;
		};
/* End XCConfigurationList section */
	};
	rootObject = CAA1021A21EC30F6003982E9 /* Project object */;
}
